
Microsoft Visual Studio Solution File, Format Version 12.00
# Visual Studio Version 16
VisualStudioVersion = 16.0.31624.102
MinimumVisualStudioVersion = 10.0.40219.1
Project("{FAE04EC0-301F-11D3-BF4B-00C04F79EFBC}") = "Login", "Login\Login.csproj", "{DBE35B66-657B-4740-9535-2C22667BDF22}"
EndProject
Global
	GlobalSection(SolutionConfigurationPlatforms) = preSolution
		Debug|Any CPU = Debug|Any CPU
		Release|Any CPU = Release|Any CPU
	EndGlobalSection
	GlobalSection(ProjectConfigurationPlatforms) = postSolution
		{DBE35B66-657B-4740-9535-2C22667BDF22}.Debug|Any CPU.ActiveCfg = Debug|Any CPU
		{DBE35B66-657B-4740-9535-2C22667BDF22}.Debug|Any CPU.Build.0 = Debug|Any CPU
		{DBE35B66-657B-4740-9535-2C22667BDF22}.Release|Any CPU.ActiveCfg = Release|Any CPU
		{DBE35B66-657B-4740-9535-2C22667BDF22}.Release|Any CPU.Build.0 = Release|Any CPU
	EndGlobalSection
	GlobalSection(SolutionProperties) = preSolution
		HideSolutionNode = FALSE
	EndGlobalSection
	GlobalSection(ExtensibilityGlobals) = postSolution
		SolutionGuid = {3FF4F645-BAC7-42AD-989B-A1C595BF1F6F}
	EndGlobalSection
EndGlobal
